Microsoft Visual Studio Solution File, Format Version 12.00
# Visual Studio Version 17
VisualStudioVersion = 17.5.2.0
MinimumVisualStudioVersion = 10.0.40219.1
Project("{FAE04EC0-301F-11D3-BF4B-00C04F79EFBC}") = "LocalAIAgentAPI", "LocalAIAgentAPI.csproj", "{52651BAF-0E7D-107C-5905-7E936BFBD98A}"
EndProject
Global
	GlobalSection(SolutionConfigurationPlatforms) = preSolution
		Debug|Any CPU = Debug|Any CPU
		Release|Any CPU = Release|Any CPU
	EndGlobalSection
	GlobalSection(ProjectConfigurationPlatforms) = postSolution
		{52651BAF-0E7D-107C-5905-7E936BFBD98A}.Debug|Any CPU.ActiveCfg = Debug|Any CPU
		{52651BAF-0E7D-107C-5905-7E936BFBD98A}.Debug|Any CPU.Build.0 = Debug|Any CPU
		{52651BAF-0E7D-107C-5905-7E936BFBD98A}.Release|Any CPU.ActiveCfg = Release|Any CPU
		{52651BAF-0E7D-107C-5905-7E936BFBD98A}.Release|Any CPU.Build.0 = Release|Any CPU
	EndGlobalSection
	GlobalSection(SolutionProperties) = preSolution
		HideSolutionNode = FALSE
	EndGlobalSection
	GlobalSection(ExtensibilityGlobals) = postSolution
		SolutionGuid = {E76CCB93-D9BA-4C71-BA90-7AA65D10B769}
	EndGlobalSection
EndGlobal
